{
  "requires": true,
  "lockfileVersion": 1,
  "dependencies": {
    "bignumber.js": {
      "version": "2.4.0",
      "resolved": "https://registry.npmjs.org/bignumber.js/-/bignumber.js-2.4.0.tgz",
      "integrity": "sha1-g4qZLan51zfg9LLbC+YrsJ3Qxeg="
    },
    "date-and-time": {
      "version": "0.14.2",
      "resolved": "https://registry.npmjs.org/date-and-time/-/date-and-time-0.14.2.tgz",
      "integrity": "sha512-EFTCh9zRSEpGPmJaexg7HTuzZHh6cnJj1ui7IGCFNXzd2QdpsNh05Db5TF3xzJm30YN+A8/6xHSuRcQqoc3kFA=="
    },
    "ip": {
      "version": "1.1.5",
      "resolved": "https://registry.npmjs.org/ip/-/ip-1.1.5.tgz",
      "integrity": "sha1-vd7XARQpCCjAoDnnLvJfWq7ENUo="
    },
    "to-time": {
      "version": "1.0.2",
      "resolved": "https://registry.npmjs.org/to-time/-/to-time-1.0.2.tgz",
      "integrity": "sha1-T4FFoH2F9jVqYuHOoKep5mYXduM=",
      "requires": {
        "bignumber.js": "^2.4.0"
      }
    }
  }
}
